
Microsoft Visual Studio Solution File, Format Version 12.00
# Visual Studio 2013
VisualStudioVersion = 12.0.21005.1
MinimumVisualStudioVersion = 10.0.40219.1
Project("{8BC9CEB8-8B4A-11D0-8D11-00A0C91BC942}") = "test_4_18_lianxi_6", "test_4_18_lianxi_6\test_4_18_lianxi_6.vcxproj", "{FDA6E438-2DCB-4302-8B95-2132F38AD929}"
EndProject
Global
	GlobalSection(SolutionConfigurationPlatforms) = preSolution
		Debug|Win32 = Debug|Win32
		Release|Win32 = Release|Win32
	EndGlobalSection
	GlobalSection(ProjectConfigurationPlatforms) = postSolution
		{FDA6E438-2DCB-4302-8B95-2132F38AD929}.Debug|Win32.ActiveCfg = Debug|Win32
		{FDA6E438-2DCB-4302-8B95-2132F38AD929}.Debug|Win32.Build.0 = Debug|Win32
		{FDA6E438-2DCB-4302-8B95-2132F38AD929}.Release|Win32.ActiveCfg = Release|Win32
		{FDA6E438-2DCB-4302-8B95-2132F38AD929}.Release|Win32.Build.0 = Release|Win32
	EndGlobalSection
	GlobalSection(SolutionProperties) = preSolution
		HideSolutionNode = FALSE
	EndGlobalSection
EndGlobal
