
Microsoft Visual Studio Solution File, Format Version 12.00
# Visual Studio 2013
VisualStudioVersion = 12.0.21005.1
MinimumVisualStudioVersion = 10.0.40219.1
Project("{8BC9CEB8-8B4A-11D0-8D11-00A0C91BC942}") = "test_8_7_item1", "test_8_7_item1\test_8_7_item1.vcxproj", "{A164299A-31DA-49A8-97E7-B3D6FB79216B}"
EndProject
Global
	GlobalSection(SolutionConfigurationPlatforms) = preSolution
		Debug|Win32 = Debug|Win32
		Release|Win32 = Release|Win32
	EndGlobalSection
	GlobalSection(ProjectConfigurationPlatforms) = postSolution
		{A164299A-31DA-49A8-97E7-B3D6FB79216B}.Debug|Win32.ActiveCfg = Debug|Win32
		{A164299A-31DA-49A8-97E7-B3D6FB79216B}.Debug|Win32.Build.0 = Debug|Win32
		{A164299A-31DA-49A8-97E7-B3D6FB79216B}.Release|Win32.ActiveCfg = Release|Win32
		{A164299A-31DA-49A8-97E7-B3D6FB79216B}.Release|Win32.Build.0 = Release|Win32
	EndGlobalSection
	GlobalSection(SolutionProperties) = preSolution
		HideSolutionNode = FALSE
	EndGlobalSection
EndGlobal
