
Microsoft Visual Studio Solution File, Format Version 12.00
# Visual Studio 2013
VisualStudioVersion = 12.0.21005.1
MinimumVisualStudioVersion = 10.0.40219.1
Project("{8BC9CEB8-8B4A-11D0-8D11-00A0C91BC942}") = "test_5_25_queue", "test_5_25_queue\test_5_25_queue.vcxproj", "{DF0329F3-E96E-408D-B4A9-8F15F60EF268}"
EndProject
Global
	GlobalSection(SolutionConfigurationPlatforms) = preSolution
		Debug|Win32 = Debug|Win32
		Release|Win32 = Release|Win32
	EndGlobalSection
	GlobalSection(ProjectConfigurationPlatforms) = postSolution
		{DF0329F3-E96E-408D-B4A9-8F15F60EF268}.Debug|Win32.ActiveCfg = Debug|Win32
		{DF0329F3-E96E-408D-B4A9-8F15F60EF268}.Debug|Win32.Build.0 = Debug|Win32
		{DF0329F3-E96E-408D-B4A9-8F15F60EF268}.Release|Win32.ActiveCfg = Release|Win32
		{DF0329F3-E96E-408D-B4A9-8F15F60EF268}.Release|Win32.Build.0 = Release|Win32
	EndGlobalSection
	GlobalSection(SolutionProperties) = preSolution
		HideSolutionNode = FALSE
	EndGlobalSection
EndGlobal
