
Microsoft Visual Studio Solution File, Format Version 12.00
# Visual Studio 2013
VisualStudioVersion = 12.0.21005.1
MinimumVisualStudioVersion = 10.0.40219.1
Project("{8BC9CEB8-8B4A-11D0-8D11-00A0C91BC942}") = "test_4_20_lianxi_6", "test_4_20_lianxi_6\test_4_20_lianxi_6.vcxproj", "{C3D6C996-2CD4-4890-973E-25A06B8D5E5F}"
EndProject
Global
	GlobalSection(SolutionConfigurationPlatforms) = preSolution
		Debug|Win32 = Debug|Win32
		Release|Win32 = Release|Win32
	EndGlobalSection
	GlobalSection(ProjectConfigurationPlatforms) = postSolution
		{C3D6C996-2CD4-4890-973E-25A06B8D5E5F}.Debug|Win32.ActiveCfg = Debug|Win32
		{C3D6C996-2CD4-4890-973E-25A06B8D5E5F}.Debug|Win32.Build.0 = Debug|Win32
		{C3D6C996-2CD4-4890-973E-25A06B8D5E5F}.Release|Win32.ActiveCfg = Release|Win32
		{C3D6C996-2CD4-4890-973E-25A06B8D5E5F}.Release|Win32.Build.0 = Release|Win32
	EndGlobalSection
	GlobalSection(SolutionProperties) = preSolution
		HideSolutionNode = FALSE
	EndGlobalSection
EndGlobal
