
Microsoft Visual Studio Solution File, Format Version 12.00
# Visual Studio 2013
VisualStudioVersion = 12.0.21005.1
MinimumVisualStudioVersion = 10.0.40219.1
Project("{8BC9CEB8-8B4A-11D0-8D11-00A0C91BC942}") = "test_4_21_2", "test_4_21_2\test_4_21_2.vcxproj", "{76383F66-894E-4A8D-B3C9-D911EEB3D3B9}"
EndProject
Global
	GlobalSection(SolutionConfigurationPlatforms) = preSolution
		Debug|Win32 = Debug|Win32
		Release|Win32 = Release|Win32
	EndGlobalSection
	GlobalSection(ProjectConfigurationPlatforms) = postSolution
		{76383F66-894E-4A8D-B3C9-D911EEB3D3B9}.Debug|Win32.ActiveCfg = Debug|Win32
		{76383F66-894E-4A8D-B3C9-D911EEB3D3B9}.Debug|Win32.Build.0 = Debug|Win32
		{76383F66-894E-4A8D-B3C9-D911EEB3D3B9}.Release|Win32.ActiveCfg = Release|Win32
		{76383F66-894E-4A8D-B3C9-D911EEB3D3B9}.Release|Win32.Build.0 = Release|Win32
	EndGlobalSection
	GlobalSection(SolutionProperties) = preSolution
		HideSolutionNode = FALSE
	EndGlobalSection
EndGlobal
