
Microsoft Visual Studio Solution File, Format Version 12.00
# Visual Studio 2013
VisualStudioVersion = 12.0.21005.1
MinimumVisualStudioVersion = 10.0.40219.1
Project("{8BC9CEB8-8B4A-11D0-8D11-00A0C91BC942}") = "test_4_19_lianxi_2", "test_4_19_lianxi_2\test_4_19_lianxi_2.vcxproj", "{A832B275-D9EA-4F64-91B4-DA75283DA441}"
EndProject
Global
	GlobalSection(SolutionConfigurationPlatforms) = preSolution
		Debug|Win32 = Debug|Win32
		Release|Win32 = Release|Win32
	EndGlobalSection
	GlobalSection(ProjectConfigurationPlatforms) = postSolution
		{A832B275-D9EA-4F64-91B4-DA75283DA441}.Debug|Win32.ActiveCfg = Debug|Win32
		{A832B275-D9EA-4F64-91B4-DA75283DA441}.Debug|Win32.Build.0 = Debug|Win32
		{A832B275-D9EA-4F64-91B4-DA75283DA441}.Release|Win32.ActiveCfg = Release|Win32
		{A832B275-D9EA-4F64-91B4-DA75283DA441}.Release|Win32.Build.0 = Release|Win32
	EndGlobalSection
	GlobalSection(SolutionProperties) = preSolution
		HideSolutionNode = FALSE
	EndGlobalSection
EndGlobal
